
Microsoft Visual Studio Solution File, Format Version 12.00
# Visual Studio Version 16
VisualStudioVersion = 16.0.30524.135
MinimumVisualStudioVersion = 15.0.26124.0
Project("{9A19103F-16F7-4668-BE54-9A1E7A4F7556}") = "HttpServer", "src\HttpServer\HttpServer.csproj", "{8647FF0B-1D67-48B8-AFA7-7DA329D438BF}"
EndProject
Project("{9A19103F-16F7-4668-BE54-9A1E7A4F7556}") = "Original", "src\Original\Original.csproj", "{1CF855FA-1D7D-478D-97D2-1BADB474345A}"
EndProject
Project("{9A19103F-16F7-4668-BE54-9A1E7A4F7556}") = "Intermediate", "src\Intermediate\Intermediate.csproj", "{5883C815-0B93-49E9-AD68-9A02DB5FFBB7}"
EndProject
Project("{9A19103F-16F7-4668-BE54-9A1E7A4F7556}") = "Observer", "src\Observer\Observer.csproj", "{01D8FECE-DF24-473C-A936-98FB5AE9CA03}"
EndProject
Project("{9A19103F-16F7-4668-BE54-9A1E7A4F7556}") = "Common", "src\Common\Common.csproj", "{98F4098A-26EB-4CF4-824D-1EB2145266E3}"
EndProject
Project("{2150E333-8FDC-42A3-9474-1A3956D46DE8}") = "tests", "tests", "{C59DFAEF-C618-4A79-AF63-53D9EC1BE203}"
EndProject
Project("{9A19103F-16F7-4668-BE54-9A1E7A4F7556}") = "E2E.Tests", "tests\E2E.Tests\E2E.Tests.csproj", "{A7E16B22-BF5B-4E55-BA79-53794255D0D3}"
EndProject
Project("{9A19103F-16F7-4668-BE54-9A1E7A4F7556}") = "Unit.Tests", "tests\Unit.Tests\Unit.Tests.csproj", "{3AB2113D-D3BB-4BC5-987C-D4C86662E187}"
EndProject
Project("{9A19103F-16F7-4668-BE54-9A1E7A4F7556}") = "Original.Tests", "tests\Original.Tests\Original.Tests.csproj", "{F8794A6E-C3B7-476B-8C65-B760AB22993A}"
EndProject
Project("{9A19103F-16F7-4668-BE54-9A1E7A4F7556}") = "Intermediate.Tests", "tests\Intermediate.Tests\Intermediate.Tests.csproj", "{7918D459-4748-47B7-810B-C9AA2471DE7E}"
EndProject
Project("{9A19103F-16F7-4668-BE54-9A1E7A4F7556}") = "TestUtils", "tests\TestUtils\TestUtils.csproj", "{AB8B7B52-174C-4917-8D07-E6C1932EDBD3}"
EndProject
Project("{9A19103F-16F7-4668-BE54-9A1E7A4F7556}") = "Observer.Tests", "tests\Observer.Tests\Observer.Tests.csproj", "{C2D714C1-4830-4EE2-8953-9DC65D595708}"
EndProject
Project("{9A19103F-16F7-4668-BE54-9A1E7A4F7556}") = "HttpServer.Tests", "tests\HttpServer.Tests\HttpServer.Tests.csproj", "{7170AEB7-F9EF-44A3-88B6-D9A56A358C9A}"
EndProject
Project("{2150E333-8FDC-42A3-9474-1A3956D46DE8}") = "src", "src", "{703AADDD-487A-45AB-ABB7-06E65281C2B4}"
EndProject
Project("{9A19103F-16F7-4668-BE54-9A1E7A4F7556}") = "APIGateway", "src\APIGateway\APIGateway.csproj", "{D30E9E1E-A34C-48D3-B026-B360516D6BE8}"
EndProject
Project("{9A19103F-16F7-4668-BE54-9A1E7A4F7556}") = "APIGateway.Tests", "tests\APIGateway.Tests\APIGateway.Tests.csproj", "{7F5DD654-A863-412D-9D0C-921CE2B39841}"
EndProject
Project("{2150E333-8FDC-42A3-9474-1A3956D46DE8}") = "Solution Items", "Solution Items", "{B8CE1161-4748-492A-AAFA-8B4BB4DFE690}"
	ProjectSection(SolutionItems) = preProject
		.editorconfig = .editorconfig
		.gitlab-ci.yml = .gitlab-ci.yml
		docker-compose.yml = docker-compose.yml
		Dockerfile = Dockerfile
		README.md = README.md
	EndProjectSection
EndProject
Global
	GlobalSection(SolutionConfigurationPlatforms) = preSolution
		Debug|Any CPU = Debug|Any CPU
		Debug|x64 = Debug|x64
		Debug|x86 = Debug|x86
		Release|Any CPU = Release|Any CPU
		Release|x64 = Release|x64
		Release|x86 = Release|x86
	EndGlobalSection
	GlobalSection(ProjectConfigurationPlatforms) = postSolution
		{8647FF0B-1D67-48B8-AFA7-7DA329D438BF}.Debug|Any CPU.ActiveCfg = Debug|Any CPU
		{8647FF0B-1D67-48B8-AFA7-7DA329D438BF}.Debug|Any CPU.Build.0 = Debug|Any CPU
		{8647FF0B-1D67-48B8-AFA7-7DA329D438BF}.Debug|x64.ActiveCfg = Debug|Any CPU
		{8647FF0B-1D67-48B8-AFA7-7DA329D438BF}.Debug|x64.Build.0 = Debug|Any CPU
		{8647FF0B-1D67-48B8-AFA7-7DA329D438BF}.Debug|x86.ActiveCfg = Debug|Any CPU
		{8647FF0B-1D67-48B8-AFA7-7DA329D438BF}.Debug|x86.Build.0 = Debug|Any CPU
		{8647FF0B-1D67-48B8-AFA7-7DA329D438BF}.Release|Any CPU.ActiveCfg = Release|Any CPU
		{8647FF0B-1D67-48B8-AFA7-7DA329D438BF}.Release|Any CPU.Build.0 = Release|Any CPU
		{8647FF0B-1D67-48B8-AFA7-7DA329D438BF}.Release|x64.ActiveCfg = Release|Any CPU
		{8647FF0B-1D67-48B8-AFA7-7DA329D438BF}.Release|x64.Build.0 = Release|Any CPU
		{8647FF0B-1D67-48B8-AFA7-7DA329D438BF}.Release|x86.ActiveCfg = Release|Any CPU
		{8647FF0B-1D67-48B8-AFA7-7DA329D438BF}.Release|x86.Build.0 = Release|Any CPU
		{1CF855FA-1D7D-478D-97D2-1BADB474345A}.Debug|Any CPU.ActiveCfg = Debug|Any CPU
		{1CF855FA-1D7D-478D-97D2-1BADB474345A}.Debug|Any CPU.Build.0 = Debug|Any CPU
		{1CF855FA-1D7D-478D-97D2-1BADB474345A}.Debug|x64.ActiveCfg = Debug|Any CPU
		{1CF855FA-1D7D-478D-97D2-1BADB474345A}.Debug|x64.Build.0 = Debug|Any CPU
		{1CF855FA-1D7D-478D-97D2-1BADB474345A}.Debug|x86.ActiveCfg = Debug|Any CPU
		{1CF855FA-1D7D-478D-97D2-1BADB474345A}.Debug|x86.Build.0 = Debug|Any CPU
		{1CF855FA-1D7D-478D-97D2-1BADB474345A}.Release|Any CPU.ActiveCfg = Release|Any CPU
		{1CF855FA-1D7D-478D-97D2-1BADB474345A}.Release|Any CPU.Build.0 = Release|Any CPU
		{1CF855FA-1D7D-478D-97D2-1BADB474345A}.Release|x64.ActiveCfg = Release|Any CPU
		{1CF855FA-1D7D-478D-97D2-1BADB474345A}.Release|x64.Build.0 = Release|Any CPU
		{1CF855FA-1D7D-478D-97D2-1BADB474345A}.Release|x86.ActiveCfg = Release|Any CPU
		{1CF855FA-1D7D-478D-97D2-1BADB474345A}.Release|x86.Build.0 = Release|Any CPU
		{5883C815-0B93-49E9-AD68-9A02DB5FFBB7}.Debug|Any CPU.ActiveCfg = Debug|Any CPU
		{5883C815-0B93-49E9-AD68-9A02DB5FFBB7}.Debug|Any CPU.Build.0 = Debug|Any CPU
		{5883C815-0B93-49E9-AD68-9A02DB5FFBB7}.Debug|x64.ActiveCfg = Debug|Any CPU
		{5883C815-0B93-49E9-AD68-9A02DB5FFBB7}.Debug|x64.Build.0 = Debug|Any CPU
		{5883C815-0B93-49E9-AD68-9A02DB5FFBB7}.Debug|x86.ActiveCfg = Debug|Any CPU
		{5883C815-0B93-49E9-AD68-9A02DB5FFBB7}.Debug|x86.Build.0 = Debug|Any CPU
		{5883C815-0B93-49E9-AD68-9A02DB5FFBB7}.Release|Any CPU.ActiveCfg = Release|Any CPU
		{5883C815-0B93-49E9-AD68-9A02DB5FFBB7}.Release|Any CPU.Build.0 = Release|Any CPU
		{5883C815-0B93-49E9-AD68-9A02DB5FFBB7}.Release|x64.ActiveCfg = Release|Any CPU
		{5883C815-0B93-49E9-AD68-9A02DB5FFBB7}.Release|x64.Build.0 = Release|Any CPU
		{5883C815-0B93-49E9-AD68-9A02DB5FFBB7}.Release|x86.ActiveCfg = Release|Any CPU
		{5883C815-0B93-49E9-AD68-9A02DB5FFBB7}.Release|x86.Build.0 = Release|Any CPU
		{01D8FECE-DF24-473C-A936-98FB5AE9CA03}.Debug|Any CPU.ActiveCfg = Debug|Any CPU
		{01D8FECE-DF24-473C-A936-98FB5AE9CA03}.Debug|Any CPU.Build.0 = Debug|Any CPU
		{01D8FECE-DF24-473C-A936-98FB5AE9CA03}.Debug|x64.ActiveCfg = Debug|Any CPU
		{01D8FECE-DF24-473C-A936-98FB5AE9CA03}.Debug|x64.Build.0 = Debug|Any CPU
		{01D8FECE-DF24-473C-A936-98FB5AE9CA03}.Debug|x86.ActiveCfg = Debug|Any CPU
		{01D8FECE-DF24-473C-A936-98FB5AE9CA03}.Debug|x86.Build.0 = Debug|Any CPU
		{01D8FECE-DF24-473C-A936-98FB5AE9CA03}.Release|Any CPU.ActiveCfg = Release|Any CPU
		{01D8FECE-DF24-473C-A936-98FB5AE9CA03}.Release|Any CPU.Build.0 = Release|Any CPU
		{01D8FECE-DF24-473C-A936-98FB5AE9CA03}.Release|x64.ActiveCfg = Release|Any CPU
		{01D8FECE-DF24-473C-A936-98FB5AE9CA03}.Release|x64.Build.0 = Release|Any CPU
		{01D8FECE-DF24-473C-A936-98FB5AE9CA03}.Release|x86.ActiveCfg = Release|Any CPU
		{01D8FECE-DF24-473C-A936-98FB5AE9CA03}.Release|x86.Build.0 = Release|Any CPU
		{98F4098A-26EB-4CF4-824D-1EB2145266E3}.Debug|Any CPU.ActiveCfg = Debug|Any CPU
		{98F4098A-26EB-4CF4-824D-1EB2145266E3}.Debug|Any CPU.Build.0 = Debug|Any CPU
		{98F4098A-26EB-4CF4-824D-1EB2145266E3}.Debug|x64.ActiveCfg = Debug|Any CPU
		{98F4098A-26EB-4CF4-824D-1EB2145266E3}.Debug|x64.Build.0 = Debug|Any CPU
		{98F4098A-26EB-4CF4-824D-1EB2145266E3}.Debug|x86.ActiveCfg = Debug|Any CPU
		{98F4098A-26EB-4CF4-824D-1EB2145266E3}.Debug|x86.Build.0 = Debug|Any CPU
		{98F4098A-26EB-4CF4-824D-1EB2145266E3}.Release|Any CPU.ActiveCfg = Release|Any CPU
		{98F4098A-26EB-4CF4-824D-1EB2145266E3}.Release|Any CPU.Build.0 = Release|Any CPU
		{98F4098A-26EB-4CF4-824D-1EB2145266E3}.Release|x64.ActiveCfg = Release|Any CPU
		{98F4098A-26EB-4CF4-824D-1EB2145266E3}.Release|x64.Build.0 = Release|Any CPU
		{98F4098A-26EB-4CF4-824D-1EB2145266E3}.Release|x86.ActiveCfg = Release|Any CPU
		{98F4098A-26EB-4CF4-824D-1EB2145266E3}.Release|x86.Build.0 = Release|Any CPU
		{A7E16B22-BF5B-4E55-BA79-53794255D0D3}.Debug|Any CPU.ActiveCfg = Debug|Any CPU
		{A7E16B22-BF5B-4E55-BA79-53794255D0D3}.Debug|Any CPU.Build.0 = Debug|Any CPU
		{A7E16B22-BF5B-4E55-BA79-53794255D0D3}.Debug|x64.ActiveCfg = Debug|Any CPU
		{A7E16B22-BF5B-4E55-BA79-53794255D0D3}.Debug|x64.Build.0 = Debug|Any CPU
		{A7E16B22-BF5B-4E55-BA79-53794255D0D3}.Debug|x86.ActiveCfg = Debug|Any CPU
		{A7E16B22-BF5B-4E55-BA79-53794255D0D3}.Debug|x86.Build.0 = Debug|Any CPU
		{A7E16B22-BF5B-4E55-BA79-53794255D0D3}.Release|Any CPU.ActiveCfg = Release|Any CPU
		{A7E16B22-BF5B-4E55-BA79-53794255D0D3}.Release|Any CPU.Build.0 = Release|Any CPU
		{A7E16B22-BF5B-4E55-BA79-53794255D0D3}.Release|x64.ActiveCfg = Release|Any CPU
		{A7E16B22-BF5B-4E55-BA79-53794255D0D3}.Release|x64.Build.0 = Release|Any CPU
		{A7E16B22-BF5B-4E55-BA79-53794255D0D3}.Release|x86.ActiveCfg = Release|Any CPU
		{A7E16B22-BF5B-4E55-BA79-53794255D0D3}.Release|x86.Build.0 = Release|Any CPU
		{3AB2113D-D3BB-4BC5-987C-D4C86662E187}.Debug|Any CPU.ActiveCfg = Debug|Any CPU
		{3AB2113D-D3BB-4BC5-987C-D4C86662E187}.Debug|Any CPU.Build.0 = Debug|Any CPU
		{3AB2113D-D3BB-4BC5-987C-D4C86662E187}.Debug|x64.ActiveCfg = Debug|Any CPU
		{3AB2113D-D3BB-4BC5-987C-D4C86662E187}.Debug|x64.Build.0 = Debug|Any CPU
		{3AB2113D-D3BB-4BC5-987C-D4C86662E187}.Debug|x86.ActiveCfg = Debug|Any CPU
		{3AB2113D-D3BB-4BC5-987C-D4C86662E187}.Debug|x86.Build.0 = Debug|Any CPU
		{3AB2113D-D3BB-4BC5-987C-D4C86662E187}.Release|Any CPU.ActiveCfg = Release|Any CPU
		{3AB2113D-D3BB-4BC5-987C-D4C86662E187}.Release|Any CPU.Build.0 = Release|Any CPU
		{3AB2113D-D3BB-4BC5-987C-D4C86662E187}.Release|x64.ActiveCfg = Release|Any CPU
		{3AB2113D-D3BB-4BC5-987C-D4C86662E187}.Release|x64.Build.0 = Release|Any CPU
		{3AB2113D-D3BB-4BC5-987C-D4C86662E187}.Release|x86.ActiveCfg = Release|Any CPU
		{3AB2113D-D3BB-4BC5-987C-D4C86662E187}.Release|x86.Build.0 = Release|Any CPU
		{F8794A6E-C3B7-476B-8C65-B760AB22993A}.Debug|Any CPU.ActiveCfg = Debug|Any CPU
		{F8794A6E-C3B7-476B-8C65-B760AB22993A}.Debug|Any CPU.Build.0 = Debug|Any CPU
		{F8794A6E-C3B7-476B-8C65-B760AB22993A}.Debug|x64.ActiveCfg = Debug|Any CPU
		{F8794A6E-C3B7-476B-8C65-B760AB22993A}.Debug|x64.Build.0 = Debug|Any CPU
		{F8794A6E-C3B7-476B-8C65-B760AB22993A}.Debug|x86.ActiveCfg = Debug|Any CPU
		{F8794A6E-C3B7-476B-8C65-B760AB22993A}.Debug|x86.Build.0 = Debug|Any CPU
		{F8794A6E-C3B7-476B-8C65-B760AB22993A}.Release|Any CPU.ActiveCfg = Release|Any CPU
		{F8794A6E-C3B7-476B-8C65-B760AB22993A}.Release|Any CPU.Build.0 = Release|Any CPU
		{F8794A6E-C3B7-476B-8C65-B760AB22993A}.Release|x64.ActiveCfg = Release|Any CPU
		{F8794A6E-C3B7-476B-8C65-B760AB22993A}.Release|x64.Build.0 = Release|Any CPU
		{F8794A6E-C3B7-476B-8C65-B760AB22993A}.Release|x86.ActiveCfg = Release|Any CPU
		{F8794A6E-C3B7-476B-8C65-B760AB22993A}.Release|x86.Build.0 = Release|Any CPU
		{7918D459-4748-47B7-810B-C9AA2471DE7E}.Debug|Any CPU.ActiveCfg = Debug|Any CPU
		{7918D459-4748-47B7-810B-C9AA2471DE7E}.Debug|Any CPU.Build.0 = Debug|Any CPU
		{7918D459-4748-47B7-810B-C9AA2471DE7E}.Debug|x64.ActiveCfg = Debug|Any CPU
		{7918D459-4748-47B7-810B-C9AA2471DE7E}.Debug|x64.Build.0 = Debug|Any CPU
		{7918D459-4748-47B7-810B-C9AA2471DE7E}.Debug|x86.ActiveCfg = Debug|Any CPU
		{7918D459-4748-47B7-810B-C9AA2471DE7E}.Debug|x86.Build.0 = Debug|Any CPU
		{7918D459-4748-47B7-810B-C9AA2471DE7E}.Release|Any CPU.ActiveCfg = Release|Any CPU
		{7918D459-4748-47B7-810B-C9AA2471DE7E}.Release|Any CPU.Build.0 = Release|Any CPU
		{7918D459-4748-47B7-810B-C9AA2471DE7E}.Release|x64.ActiveCfg = Release|Any CPU
		{7918D459-4748-47B7-810B-C9AA2471DE7E}.Release|x64.Build.0 = Release|Any CPU
		{7918D459-4748-47B7-810B-C9AA2471DE7E}.Release|x86.ActiveCfg = Release|Any CPU
		{7918D459-4748-47B7-810B-C9AA2471DE7E}.Release|x86.Build.0 = Release|Any CPU
		{AB8B7B52-174C-4917-8D07-E6C1932EDBD3}.Debug|Any CPU.ActiveCfg = Debug|Any CPU
		{AB8B7B52-174C-4917-8D07-E6C1932EDBD3}.Debug|Any CPU.Build.0 = Debug|Any CPU
		{AB8B7B52-174C-4917-8D07-E6C1932EDBD3}.Debug|x64.ActiveCfg = Debug|Any CPU
		{AB8B7B52-174C-4917-8D07-E6C1932EDBD3}.Debug|x64.Build.0 = Debug|Any CPU
		{AB8B7B52-174C-4917-8D07-E6C1932EDBD3}.Debug|x86.ActiveCfg = Debug|Any CPU
		{AB8B7B52-174C-4917-8D07-E6C1932EDBD3}.Debug|x86.Build.0 = Debug|Any CPU
		{AB8B7B52-174C-4917-8D07-E6C1932EDBD3}.Release|Any CPU.ActiveCfg = Release|Any CPU
		{AB8B7B52-174C-4917-8D07-E6C1932EDBD3}.Release|Any CPU.Build.0 = Release|Any CPU
		{AB8B7B52-174C-4917-8D07-E6C1932EDBD3}.Release|x64.ActiveCfg = Release|Any CPU
		{AB8B7B52-174C-4917-8D07-E6C1932EDBD3}.Release|x64.Build.0 = Release|Any CPU
		{AB8B7B52-174C-4917-8D07-E6C1932EDBD3}.Release|x86.ActiveCfg = Release|Any CPU
		{AB8B7B52-174C-4917-8D07-E6C1932EDBD3}.Release|x86.Build.0 = Release|Any CPU
		{C2D714C1-4830-4EE2-8953-9DC65D595708}.Debug|Any CPU.ActiveCfg = Debug|Any CPU
		{C2D714C1-4830-4EE2-8953-9DC65D595708}.Debug|Any CPU.Build.0 = Debug|Any CPU
		{C2D714C1-4830-4EE2-8953-9DC65D595708}.Debug|x64.ActiveCfg = Debug|Any CPU
		{C2D714C1-4830-4EE2-8953-9DC65D595708}.Debug|x64.Build.0 = Debug|Any CPU
		{C2D714C1-4830-4EE2-8953-9DC65D595708}.Debug|x86.ActiveCfg = Debug|Any CPU
		{C2D714C1-4830-4EE2-8953-9DC65D595708}.Debug|x86.Build.0 = Debug|Any CPU
		{C2D714C1-4830-4EE2-8953-9DC65D595708}.Release|Any CPU.ActiveCfg = Release|Any CPU
		{C2D714C1-4830-4EE2-8953-9DC65D595708}.Release|Any CPU.Build.0 = Release|Any CPU
		{C2D714C1-4830-4EE2-8953-9DC65D595708}.Release|x64.ActiveCfg = Release|Any CPU
		{C2D714C1-4830-4EE2-8953-9DC65D595708}.Release|x64.Build.0 = Release|Any CPU
		{C2D714C1-4830-4EE2-8953-9DC65D595708}.Release|x86.ActiveCfg = Release|Any CPU
		{C2D714C1-4830-4EE2-8953-9DC65D595708}.Release|x86.Build.0 = Release|Any CPU
		{7170AEB7-F9EF-44A3-88B6-D9A56A358C9A}.Debug|Any CPU.ActiveCfg = Debug|Any CPU
		{7170AEB7-F9EF-44A3-88B6-D9A56A358C9A}.Debug|Any CPU.Build.0 = Debug|Any CPU
		{7170AEB7-F9EF-44A3-88B6-D9A56A358C9A}.Debug|x64.ActiveCfg = Debug|Any CPU
		{7170AEB7-F9EF-44A3-88B6-D9A56A358C9A}.Debug|x64.Build.0 = Debug|Any CPU
		{7170AEB7-F9EF-44A3-88B6-D9A56A358C9A}.Debug|x86.ActiveCfg = Debug|Any CPU
		{7170AEB7-F9EF-44A3-88B6-D9A56A358C9A}.Debug|x86.Build.0 = Debug|Any CPU
		{7170AEB7-F9EF-44A3-88B6-D9A56A358C9A}.Release|Any CPU.ActiveCfg = Release|Any CPU
		{7170AEB7-F9EF-44A3-88B6-D9A56A358C9A}.Release|Any CPU.Build.0 = Release|Any CPU
		{7170AEB7-F9EF-44A3-88B6-D9A56A358C9A}.Release|x64.ActiveCfg = Release|Any CPU
		{7170AEB7-F9EF-44A3-88B6-D9A56A358C9A}.Release|x64.Build.0 = Release|Any CPU
		{7170AEB7-F9EF-44A3-88B6-D9A56A358C9A}.Release|x86.ActiveCfg = Release|Any CPU
		{7170AEB7-F9EF-44A3-88B6-D9A56A358C9A}.Release|x86.Build.0 = Release|Any CPU
		{D30E9E1E-A34C-48D3-B026-B360516D6BE8}.Debug|Any CPU.ActiveCfg = Debug|Any CPU
		{D30E9E1E-A34C-48D3-B026-B360516D6BE8}.Debug|Any CPU.Build.0 = Debug|Any CPU
		{D30E9E1E-A34C-48D3-B026-B360516D6BE8}.Debug|x64.ActiveCfg = Debug|Any CPU
		{D30E9E1E-A34C-48D3-B026-B360516D6BE8}.Debug|x64.Build.0 = Debug|Any CPU
		{D30E9E1E-A34C-48D3-B026-B360516D6BE8}.Debug|x86.ActiveCfg = Debug|Any CPU
		{D30E9E1E-A34C-48D3-B026-B360516D6BE8}.Debug|x86.Build.0 = Debug|Any CPU
		{D30E9E1E-A34C-48D3-B026-B360516D6BE8}.Release|Any CPU.ActiveCfg = Release|Any CPU
		{D30E9E1E-A34C-48D3-B026-B360516D6BE8}.Release|Any CPU.Build.0 = Release|Any CPU
		{D30E9E1E-A34C-48D3-B026-B360516D6BE8}.Release|x64.ActiveCfg = Release|Any CPU
		{D30E9E1E-A34C-48D3-B026-B360516D6BE8}.Release|x64.Build.0 = Release|Any CPU
		{D30E9E1E-A34C-48D3-B026-B360516D6BE8}.Release|x86.ActiveCfg = Release|Any CPU
		{D30E9E1E-A34C-48D3-B026-B360516D6BE8}.Release|x86.Build.0 = Release|Any CPU
		{7F5DD654-A863-412D-9D0C-921CE2B39841}.Debug|Any CPU.ActiveCfg = Debug|Any CPU
		{7F5DD654-A863-412D-9D0C-921CE2B39841}.Debug|Any CPU.Build.0 = Debug|Any CPU
		{7F5DD654-A863-412D-9D0C-921CE2B39841}.Debug|x64.ActiveCfg = Debug|Any CPU
		{7F5DD654-A863-412D-9D0C-921CE2B39841}.Debug|x64.Build.0 = Debug|Any CPU
		{7F5DD654-A863-412D-9D0C-921CE2B39841}.Debug|x86.ActiveCfg = Debug|Any CPU
		{7F5DD654-A863-412D-9D0C-921CE2B39841}.Debug|x86.Build.0 = Debug|Any CPU
		{7F5DD654-A863-412D-9D0C-921CE2B39841}.Release|Any CPU.ActiveCfg = Release|Any CPU
		{7F5DD654-A863-412D-9D0C-921CE2B39841}.Release|Any CPU.Build.0 = Release|Any CPU
		{7F5DD654-A863-412D-9D0C-921CE2B39841}.Release|x64.ActiveCfg = Release|Any CPU
		{7F5DD654-A863-412D-9D0C-921CE2B39841}.Release|x64.Build.0 = Release|Any CPU
		{7F5DD654-A863-412D-9D0C-921CE2B39841}.Release|x86.ActiveCfg = Release|Any CPU
		{7F5DD654-A863-412D-9D0C-921CE2B39841}.Release|x86.Build.0 = Release|Any CPU
	EndGlobalSection
	GlobalSection(SolutionProperties) = preSolution
		HideSolutionNode = FALSE
	EndGlobalSection
	GlobalSection(NestedProjects) = preSolution
		{8647FF0B-1D67-48B8-AFA7-7DA329D438BF} = {703AADDD-487A-45AB-ABB7-06E65281C2B4}
		{1CF855FA-1D7D-478D-97D2-1BADB474345A} = {703AADDD-487A-45AB-ABB7-06E65281C2B4}
		{5883C815-0B93-49E9-AD68-9A02DB5FFBB7} = {703AADDD-487A-45AB-ABB7-06E65281C2B4}
		{01D8FECE-DF24-473C-A936-98FB5AE9CA03} = {703AADDD-487A-45AB-ABB7-06E65281C2B4}
		{98F4098A-26EB-4CF4-824D-1EB2145266E3} = {703AADDD-487A-45AB-ABB7-06E65281C2B4}
		{A7E16B22-BF5B-4E55-BA79-53794255D0D3} = {C59DFAEF-C618-4A79-AF63-53D9EC1BE203}
		{3AB2113D-D3BB-4BC5-987C-D4C86662E187} = {C59DFAEF-C618-4A79-AF63-53D9EC1BE203}
		{F8794A6E-C3B7-476B-8C65-B760AB22993A} = {C59DFAEF-C618-4A79-AF63-53D9EC1BE203}
		{7918D459-4748-47B7-810B-C9AA2471DE7E} = {C59DFAEF-C618-4A79-AF63-53D9EC1BE203}
		{AB8B7B52-174C-4917-8D07-E6C1932EDBD3} = {C59DFAEF-C618-4A79-AF63-53D9EC1BE203}
		{C2D714C1-4830-4EE2-8953-9DC65D595708} = {C59DFAEF-C618-4A79-AF63-53D9EC1BE203}
		{7170AEB7-F9EF-44A3-88B6-D9A56A358C9A} = {C59DFAEF-C618-4A79-AF63-53D9EC1BE203}
		{D30E9E1E-A34C-48D3-B026-B360516D6BE8} = {703AADDD-487A-45AB-ABB7-06E65281C2B4}
		{7F5DD654-A863-412D-9D0C-921CE2B39841} = {C59DFAEF-C618-4A79-AF63-53D9EC1BE203}
	EndGlobalSection
	GlobalSection(ExtensibilityGlobals) = postSolution
		SolutionGuid = {6BFAFB8C-9A2E-4152-92FA-FDBE5257A0CF}
	EndGlobalSection
EndGlobal
